// !$*UTF8*$!
{
	archiveVersion = 1;
	classes = {
	};
	objectVersion = 48;
	objects = {

/* Begin PBXBuildFile section */
		831142BF20BF72AC00B26BC2 /* MiniscriptKeywords.cpp in Sources */ = {isa = PBXBuildFile; fileRef = 831142BE20BF72AC00B26BC2 /* MiniscriptKeywords.cpp */; };
		8375465F20CB6D0A00D5E431 /* MiniscriptIntrinsics.cpp in Sources */ = {isa = PBXBuildFile; fileRef = 8375465D20CB6D0A00D5E431 /* MiniscriptIntrinsics.cpp */; };
		837691A620C0AB00002AB7EC /* MiniscriptTypes.cpp in Sources */ = {isa = PBXBuildFile; fileRef = 837691A420C0AB00002AB7EC /* MiniscriptTypes.cpp */; };
		837691AA20C20868002AB7EC /* MiniscriptTAC.cpp in Sources */ = {isa = PBXBuildFile; fileRef = 837691A820C20868002AB7EC /* MiniscriptTAC.cpp */; };
		837691AD20C2101F002AB7EC /* MiniscriptParser.cpp in Sources */ = {isa = PBXBuildFile; fileRef = 837691AB20C2101F002AB7EC /* MiniscriptParser.cpp */; };
		837691AF20C241EE002AB7EC /* MiniscriptLexer.cpp in Sources */ = {isa = PBXBuildFile; fileRef = 837691AE20C241EE002AB7EC /* MiniscriptLexer.cpp */; };
		839C29E320EAB93800060BA5 /* MiniscriptInterpreter.cpp in Sources */ = {isa = PBXBuildFile; fileRef = 839C29E120EAB93800060BA5 /* MiniscriptInterpreter.cpp */; };
		83A9D9632233634D00F00D1F /* complete.c in Sources */ = {isa = PBXBuildFile; fileRef = 83A9D95D2233634C00F00D1F /* complete.c */; };
		83A9D9652233634D00F00D1F /* editline.c in Sources */ = {isa = PBXBuildFile; fileRef = 83A9D9602233634C00F00D1F /* editline.c */; };
		83A9D9662233634D00F00D1F /* sysunix.c in Sources */ = {isa = PBXBuildFile; fileRef = 83A9D9622233634C00F00D1F /* sysunix.c */; };
		83A9D96A2234011300F00D1F /* ShellIntrinsics.cpp in Sources */ = {isa = PBXBuildFile; fileRef = 83A9D9682234011300F00D1F /* ShellIntrinsics.cpp */; };
		83C634452059E6F500D70569 /* Dictionary.cpp in Sources */ = {isa = PBXBuildFile; fileRef = 83C634442059E6F500D70569 /* Dictionary.cpp */; };
		83CDD5A82053966200BFC3A9 /* main.cpp in Sources */ = {isa = PBXBuildFile; fileRef = 83CDD5A72053966200BFC3A9 /* main.cpp */; };
		83CDD5D020577A7000BFC3A9 /* OstreamSupport.cpp in Sources */ = {isa = PBXBuildFile; fileRef = 83CDD5CE20577A6F00BFC3A9 /* OstreamSupport.cpp */; };
		83CDD5E320577CD400BFC3A9 /* SplitJoin.cpp in Sources */ = {isa = PBXBuildFile; fileRef = 83CDD5D220577CD400BFC3A9 /* SplitJoin.cpp */; };
		83CDD5E420577CD400BFC3A9 /* List.cpp in Sources */ = {isa = PBXBuildFile; fileRef = 83CDD5D320577CD400BFC3A9 /* List.cpp */; };
		83CDD5E520577CD400BFC3A9 /* String.cpp in Sources */ = {isa = PBXBuildFile; fileRef = 83CDD5D420577CD400BFC3A9 /* String.cpp */; };
		83CDD5E620577CD400BFC3A9 /* UnicodeUtil.cpp in Sources */ = {isa = PBXBuildFile; fileRef = 83CDD5DA20577CD400BFC3A9 /* UnicodeUtil.cpp */; };
		83CDD5E720577CD400BFC3A9 /* QA.cpp in Sources */ = {isa = PBXBuildFile; fileRef = 83CDD5DC20577CD400BFC3A9 /* QA.cpp */; };
		83CDD5E820577CD400BFC3A9 /* SimpleVector.cpp in Sources */ = {isa = PBXBuildFile; fileRef = 83CDD5DD20577CD400BFC3A9 /* SimpleVector.cpp */; };
		83CDD5E920577CD400BFC3A9 /* UnitTest.cpp in Sources */ = {isa = PBXBuildFile; fileRef = 83CDD5E020577CD400BFC3A9 /* UnitTest.cpp */; };
/* End PBXBuildFile section */

/* Begin PBXCopyFilesBuildPhase section */
		83CDD5A22053966200BFC3A9 /* CopyFiles */ = {
			isa = PBXCopyFilesBuildPhase;
			buildActionMask = 2147483647;
			dstPath = /usr/share/man/man1/;
			dstSubfolderSpec = 0;
			files = (
			);
			runOnlyForDeploymentPostprocessing = 1;
		};
/* End PBXCopyFilesBuildPhase section */

/* Begin PBXFileReference section */
		831142BD20BF713400B26BC2 /* MiniscriptKeywords.h */ = {isa = PBXFileReference; lastKnownFileType = sourcecode.c.h; path = MiniscriptKeywords.h; sourceTree = "<group>"; };
		831142BE20BF72AC00B26BC2 /* MiniscriptKeywords.cpp */ = {isa = PBXFileReference; lastKnownFileType = sourcecode.cpp.cpp; path = MiniscriptKeywords.cpp; sourceTree = "<group>"; };
		831142C120BF73E500B26BC2 /* MiniscriptErrors.h */ = {isa = PBXFileReference; lastKnownFileType = sourcecode.c.h; path = MiniscriptErrors.h; sourceTree = "<group>"; };
		8348702120BF1C120018BF5C /* MiniscriptLexer.h */ = {isa = PBXFileReference; lastKnownFileType = sourcecode.c.h; path = MiniscriptLexer.h; sourceTree = "<group>"; };
		8375465D20CB6D0A00D5E431 /* MiniscriptIntrinsics.cpp */ = {isa = PBXFileReference; fileEncoding = 4; lastKnownFileType = sourcecode.cpp.cpp; path = MiniscriptIntrinsics.cpp; sourceTree = "<group>"; };
		8375465E20CB6D0A00D5E431 /* MiniscriptIntrinsics.h */ = {isa = PBXFileReference; fileEncoding = 4; lastKnownFileType = sourcecode.c.h; path = MiniscriptIntrinsics.h; sourceTree = "<group>"; };
		837691A420C0AB00002AB7EC /* MiniscriptTypes.cpp */ = {isa = PBXFileReference; lastKnownFileType = sourcecode.cpp.cpp; path = MiniscriptTypes.cpp; sourceTree = "<group>"; };
		837691A520C0AB00002AB7EC /* MiniscriptTypes.h */ = {isa = PBXFileReference; lastKnownFileType = sourcecode.c.h; path = MiniscriptTypes.h; sourceTree = "<group>"; };
		837691A720C1DDD2002AB7EC /* RefCountedStorage.h */ = {isa = PBXFileReference; lastKnownFileType = sourcecode.c.h; path = RefCountedStorage.h; sourceTree = "<group>"; };
		837691A820C20868002AB7EC /* MiniscriptTAC.cpp */ = {isa = PBXFileReference; lastKnownFileType = sourcecode.cpp.cpp; path = MiniscriptTAC.cpp; sourceTree = "<group>"; };
		837691A920C20868002AB7EC /* MiniscriptTAC.h */ = {isa = PBXFileReference; lastKnownFileType = sourcecode.c.h; path = MiniscriptTAC.h; sourceTree = "<group>"; };
		837691AB20C2101F002AB7EC /* MiniscriptParser.cpp */ = {isa = PBXFileReference; lastKnownFileType = sourcecode.cpp.cpp; path = MiniscriptParser.cpp; sourceTree = "<group>"; };
		837691AC20C2101F002AB7EC /* MiniscriptParser.h */ = {isa = PBXFileReference; lastKnownFileType = sourcecode.c.h; path = MiniscriptParser.h; sourceTree = "<group>"; };
		837691AE20C241EE002AB7EC /* MiniscriptLexer.cpp */ = {isa = PBXFileReference; lastKnownFileType = sourcecode.cpp.cpp; path = MiniscriptLexer.cpp; sourceTree = "<group>"; };
		839C29E120EAB93800060BA5 /* MiniscriptInterpreter.cpp */ = {isa = PBXFileReference; lastKnownFileType = sourcecode.cpp.cpp; path = MiniscriptInterpreter.cpp; sourceTree = "<group>"; };
		839C29E220EAB93800060BA5 /* MiniscriptInterpreter.h */ = {isa = PBXFileReference; lastKnownFileType = sourcecode.c.h; path = MiniscriptInterpreter.h; sourceTree = "<group>"; };
		83A9D95B2233634C00F00D1F /* editline_internal.h */ = {isa = PBXFileReference; fileEncoding = 4; lastKnownFileType = sourcecode.c.h; path = editline_internal.h; sourceTree = "<group>"; };
		83A9D95C2233634C00F00D1F /* editline.h */ = {isa = PBXFileReference; fileEncoding = 4; lastKnownFileType = sourcecode.c.h; path = editline.h; sourceTree = "<group>"; };
		83A9D95D2233634C00F00D1F /* complete.c */ = {isa = PBXFileReference; fileEncoding = 4; lastKnownFileType = sourcecode.c.c; path = complete.c; sourceTree = "<group>"; };
		83A9D95E2233634C00F00D1F /* os9.h */ = {isa = PBXFileReference; fileEncoding = 4; lastKnownFileType = sourcecode.c.h; path = os9.h; sourceTree = "<group>"; };
		83A9D95F2233634C00F00D1F /* sysos9.c */ = {isa = PBXFileReference; fileEncoding = 4; lastKnownFileType = sourcecode.c.c; path = sysos9.c; sourceTree = "<group>"; };
		83A9D9602233634C00F00D1F /* editline.c */ = {isa = PBXFileReference; fileEncoding = 4; lastKnownFileType = sourcecode.c.c; path = editline.c; sourceTree = "<group>"; };
		83A9D9612233634C00F00D1F /* unix.h */ = {isa = PBXFileReference; fileEncoding = 4; lastKnownFileType = sourcecode.c.h; path = unix.h; sourceTree = "<group>"; };
		83A9D9622233634C00F00D1F /* sysunix.c */ = {isa = PBXFileReference; fileEncoding = 4; lastKnownFileType = sourcecode.c.c; path = sysunix.c; sourceTree = "<group>"; };
		83A9D9672233652300F00D1F /* config.h */ = {isa = PBXFileReference; fileEncoding = 4; lastKnownFileType = sourcecode.c.h; path = config.h; sourceTree = "<group>"; };
		83A9D9682234011300F00D1F /* ShellIntrinsics.cpp */ = {isa = PBXFileReference; lastKnownFileType = sourcecode.cpp.cpp; path = ShellIntrinsics.cpp; sourceTree = "<group>"; };
		83A9D9692234011300F00D1F /* ShellIntrinsics.h */ = {isa = PBXFileReference; lastKnownFileType = sourcecode.c.h; path = ShellIntrinsics.h; sourceTree = "<group>"; };
		83C634442059E6F500D70569 /* Dictionary.cpp */ = {isa = PBXFileReference; lastKnownFileType = sourcecode.cpp.cpp; path = Dictionary.cpp; sourceTree = "<group>"; };
		83CDD5A42053966200BFC3A9 /* MiniScript */ = {isa = PBXFileReference; explicitFileType = "compiled.mach-o.executable"; includeInIndex = 0; path = MiniScript; sourceTree = BUILT_PRODUCTS_DIR; };
		83CDD5A72053966200BFC3A9 /* main.cpp */ = {isa = PBXFileReference; lastKnownFileType = sourcecode.cpp.cpp; name = main.cpp; path = src/main.cpp; sourceTree = SOURCE_ROOT; };
		83CDD5CE20577A6F00BFC3A9 /* OstreamSupport.cpp */ = {isa = PBXFileReference; fileEncoding = 4; lastKnownFileType = sourcecode.cpp.cpp; name = OstreamSupport.cpp; path = src/OstreamSupport.cpp; sourceTree = SOURCE_ROOT; };
		83CDD5CF20577A6F00BFC3A9 /* OstreamSupport.h */ = {isa = PBXFileReference; fileEncoding = 4; lastKnownFileType = sourcecode.c.h; name = OstreamSupport.h; path = src/OstreamSupport.h; sourceTree = SOURCE_ROOT; };
		83CDD5D220577CD400BFC3A9 /* SplitJoin.cpp */ = {isa = PBXFileReference; fileEncoding = 4; lastKnownFileType = sourcecode.cpp.cpp; path = SplitJoin.cpp; sourceTree = "<group>"; };
		83CDD5D320577CD400BFC3A9 /* List.cpp */ = {isa = PBXFileReference; fileEncoding = 4; lastKnownFileType = sourcecode.cpp.cpp; path = List.cpp; sourceTree = "<group>"; };
		83CDD5D420577CD400BFC3A9 /* String.cpp */ = {isa = PBXFileReference; fileEncoding = 4; lastKnownFileType = sourcecode.cpp.cpp; path = String.cpp; sourceTree = "<group>"; };
		83CDD5D520577CD400BFC3A9 /* UnitTest.h */ = {isa = PBXFileReference; fileEncoding = 4; lastKnownFileType = sourcecode.c.h; path = UnitTest.h; sourceTree = "<group>"; };
		83CDD5D820577CD400BFC3A9 /* List.h */ = {isa = PBXFileReference; fileEncoding = 4; lastKnownFileType = sourcecode.c.h; path = List.h; sourceTree = "<group>"; };
		83CDD5D920577CD400BFC3A9 /* Dictionary.h */ = {isa = PBXFileReference; fileEncoding = 4; lastKnownFileType = sourcecode.c.h; path = Dictionary.h; sourceTree = "<group>"; };
		83CDD5DA20577CD400BFC3A9 /* UnicodeUtil.cpp */ = {isa = PBXFileReference; fileEncoding = 4; lastKnownFileType = sourcecode.cpp.cpp; path = UnicodeUtil.cpp; sourceTree = "<group>"; };
		83CDD5DB20577CD400BFC3A9 /* SplitJoin.h */ = {isa = PBXFileReference; fileEncoding = 4; lastKnownFileType = sourcecode.c.h; path = SplitJoin.h; sourceTree = "<group>"; };
		83CDD5DC20577CD400BFC3A9 /* QA.cpp */ = {isa = PBXFileReference; fileEncoding = 4; lastKnownFileType = sourcecode.cpp.cpp; path = QA.cpp; sourceTree = "<group>"; };
		83CDD5DD20577CD400BFC3A9 /* SimpleVector.cpp */ = {isa = PBXFileReference; fileEncoding = 4; lastKnownFileType = sourcecode.cpp.cpp; path = SimpleVector.cpp; sourceTree = "<group>"; };
		83CDD5DE20577CD400BFC3A9 /* String.h */ = {isa = PBXFileReference; fileEncoding = 4; lastKnownFileType = sourcecode.c.h; path = String.h; sourceTree = "<group>"; };
		83CDD5DF20577CD400BFC3A9 /* QA.h */ = {isa = PBXFileReference; fileEncoding = 4; lastKnownFileType = sourcecode.c.h; path = QA.h; sourceTree = "<group>"; };
		83CDD5E020577CD400BFC3A9 /* UnitTest.cpp */ = {isa = PBXFileReference; fileEncoding = 4; lastKnownFileType = sourcecode.cpp.cpp; path = UnitTest.cpp; sourceTree = "<group>"; };
		83CDD5E120577CD400BFC3A9 /* UnicodeUtil.h */ = {isa = PBXFileReference; fileEncoding = 4; lastKnownFileType = sourcecode.c.h; path = UnicodeUtil.h; sourceTree = "<group>"; };
		83CDD5E220577CD400BFC3A9 /* SimpleVector.h */ = {isa = PBXFileReference; fileEncoding = 4; lastKnownFileType = sourcecode.c.h; path = SimpleVector.h; sourceTree = "<group>"; };
/* End PBXFileReference section */

/* Begin PBXFrameworksBuildPhase section */
		83CDD5A12053966200BFC3A9 /* Frameworks */ = {
			isa = PBXFrameworksBuildPhase;
			buildActionMask = 2147483647;
			files = (
			);
			runOnlyForDeploymentPostprocessing = 0;
		};
/* End PBXFrameworksBuildPhase section */

/* Begin PBXGroup section */
		83A9D95A2233634C00F00D1F /* editline */ = {
			isa = PBXGroup;
			children = (
				83A9D9672233652300F00D1F /* config.h */,
				83A9D95B2233634C00F00D1F /* editline_internal.h */,
				83A9D95C2233634C00F00D1F /* editline.h */,
				83A9D95D2233634C00F00D1F /* complete.c */,
				83A9D95E2233634C00F00D1F /* os9.h */,
				83A9D95F2233634C00F00D1F /* sysos9.c */,
				83A9D9602233634C00F00D1F /* editline.c */,
				83A9D9612233634C00F00D1F /* unix.h */,
				83A9D9622233634C00F00D1F /* sysunix.c */,
			);
			path = editline;
			sourceTree = "<group>";
		};
		83CDD59B2053966200BFC3A9 = {
			isa = PBXGroup;
			children = (
				83CDD5A62053966200BFC3A9 /* MiniScript */,
				83CDD5A52053966200BFC3A9 /* Products */,
			);
			sourceTree = "<group>";
		};
		83CDD5A52053966200BFC3A9 /* Products */ = {
			isa = PBXGroup;
			children = (
				83CDD5A42053966200BFC3A9 /* MiniScript */,
			);
			name = Products;
			sourceTree = "<group>";
		};
		83CDD5A62053966200BFC3A9 /* MiniScript */ = {
			isa = PBXGroup;
			children = (
				83A9D95A2233634C00F00D1F /* editline */,
				83CDD5D120577CD400BFC3A9 /* MiniScript */,
				83CDD5CE20577A6F00BFC3A9 /* OstreamSupport.cpp */,
				83CDD5CF20577A6F00BFC3A9 /* OstreamSupport.h */,
				83CDD5A72053966200BFC3A9 /* main.cpp */,
				83A9D9682234011300F00D1F /* ShellIntrinsics.cpp */,
				83A9D9692234011300F00D1F /* ShellIntrinsics.h */,
			);
			name = MiniScript;
			path = src;
			sourceTree = SOURCE_ROOT;
		};
		83CDD5D120577CD400BFC3A9 /* MiniScript */ = {
			isa = PBXGroup;
			children = (
				83CDD5D920577CD400BFC3A9 /* Dictionary.h */,
				83C634442059E6F500D70569 /* Dictionary.cpp */,
				83CDD5D320577CD400BFC3A9 /* List.cpp */,
				83CDD5D820577CD400BFC3A9 /* List.h */,
				83CDD5DC20577CD400BFC3A9 /* QA.cpp */,
				83CDD5DF20577CD400BFC3A9 /* QA.h */,
				837691A720C1DDD2002AB7EC /* RefCountedStorage.h */,
				83CDD5E220577CD400BFC3A9 /* SimpleVector.h */,
				83CDD5DD20577CD400BFC3A9 /* SimpleVector.cpp */,
				83CDD5DB20577CD400BFC3A9 /* SplitJoin.h */,
				83CDD5D220577CD400BFC3A9 /* SplitJoin.cpp */,
				83CDD5DE20577CD400BFC3A9 /* String.h */,
				83CDD5D420577CD400BFC3A9 /* String.cpp */,
				83CDD5E120577CD400BFC3A9 /* UnicodeUtil.h */,
				83CDD5DA20577CD400BFC3A9 /* UnicodeUtil.cpp */,
				83CDD5E020577CD400BFC3A9 /* UnitTest.cpp */,
				83CDD5D520577CD400BFC3A9 /* UnitTest.h */,
				831142C120BF73E500B26BC2 /* MiniscriptErrors.h */,
				839C29E220EAB93800060BA5 /* MiniscriptInterpreter.h */,
				839C29E120EAB93800060BA5 /* MiniscriptInterpreter.cpp */,
				8375465E20CB6D0A00D5E431 /* MiniscriptIntrinsics.h */,
				8375465D20CB6D0A00D5E431 /* MiniscriptIntrinsics.cpp */,
				831142BD20BF713400B26BC2 /* MiniscriptKeywords.h */,
				831142BE20BF72AC00B26BC2 /* MiniscriptKeywords.cpp */,
				8348702120BF1C120018BF5C /* MiniscriptLexer.h */,
				837691AE20C241EE002AB7EC /* MiniscriptLexer.cpp */,
				837691A520C0AB00002AB7EC /* MiniscriptTypes.h */,
				837691A420C0AB00002AB7EC /* MiniscriptTypes.cpp */,
				837691A920C20868002AB7EC /* MiniscriptTAC.h */,
				837691A820C20868002AB7EC /* MiniscriptTAC.cpp */,
				837691AC20C2101F002AB7EC /* MiniscriptParser.h */,
				837691AB20C2101F002AB7EC /* MiniscriptParser.cpp */,
			);
			path = MiniScript;
			sourceTree = "<group>";
		};
/* End PBXGroup section */

/* Begin PBXNativeTarget section */
		83CDD5A32053966200BFC3A9 /* MiniScript */ = {
			isa = PBXNativeTarget;
			buildConfigurationList = 83CDD5AB2053966200BFC3A9 /* Build configuration list for PBXNativeTarget "MiniScript" */;
			buildPhases = (
				83CDD5A02053966200BFC3A9 /* Sources */,
				83CDD5A12053966200BFC3A9 /* Frameworks */,
				83CDD5A22053966200BFC3A9 /* CopyFiles */,
			);
			buildRules = (
			);
			dependencies = (
			);
			name = MiniScript;
			productName = MiniScript;
			productReference = 83CDD5A42053966200BFC3A9 /* MiniScript */;
			productType = "com.apple.product-type.tool";
		};
/* End PBXNativeTarget section */

/* Begin PBXProject section */
		83CDD59C2053966200BFC3A9 /* Project object */ = {
			isa = PBXProject;
			attributes = {
				LastUpgradeCheck = 0940;
				ORGANIZATIONNAME = "Joe Strout";
				TargetAttributes = {
					83CDD5A32053966200BFC3A9 = {
						CreatedOnToolsVersion = 9.2;
						ProvisioningStyle = Automatic;
					};
				};
			};
			buildConfigurationList = 83CDD59F2053966200BFC3A9 /* Build configuration list for PBXProject "MiniScript" */;
			compatibilityVersion = "Xcode 8.0";
			developmentRegion = en;
			hasScannedForEncodings = 0;
			knownRegions = (
				en,
			);
			mainGroup = 83CDD59B2053966200BFC3A9;
			productRefGroup = 83CDD5A52053966200BFC3A9 /* Products */;
			projectDirPath = "";
			projectRoot = "";
			targets = (
				83CDD5A32053966200BFC3A9 /* MiniScript */,
			);
		};
/* End PBXProject section */

/* Begin PBXSourcesBuildPhase section */
		83CDD5A02053966200BFC3A9 /* Sources */ = {
			isa = PBXSourcesBuildPhase;
			buildActionMask = 2147483647;
			files = (
				83CDD5D020577A7000BFC3A9 /* OstreamSupport.cpp in Sources */,
				83CDD5E320577CD400BFC3A9 /* SplitJoin.cpp in Sources */,
				83CDD5A82053966200BFC3A9 /* main.cpp in Sources */,
				83C634452059E6F500D70569 /* Dictionary.cpp in Sources */,
				83A9D9632233634D00F00D1F /* complete.c in Sources */,
				83CDD5E420577CD400BFC3A9 /* List.cpp in Sources */,
				8375465F20CB6D0A00D5E431 /* MiniscriptIntrinsics.cpp in Sources */,
				83CDD5E520577CD400BFC3A9 /* String.cpp in Sources */,
				83CDD5E620577CD400BFC3A9 /* UnicodeUtil.cpp in Sources */,
				83A9D9652233634D00F00D1F /* editline.c in Sources */,
				837691A620C0AB00002AB7EC /* MiniscriptTypes.cpp in Sources */,
				83CDD5E820577CD400BFC3A9 /* SimpleVector.cpp in Sources */,
				831142BF20BF72AC00B26BC2 /* MiniscriptKeywords.cpp in Sources */,
				83CDD5E920577CD400BFC3A9 /* UnitTest.cpp in Sources */,
				837691AA20C20868002AB7EC /* MiniscriptTAC.cpp in Sources */,
				83A9D9662233634D00F00D1F /* sysunix.c in Sources */,
				837691AF20C241EE002AB7EC /* MiniscriptLexer.cpp in Sources */,
				837691AD20C2101F002AB7EC /* MiniscriptParser.cpp in Sources */,
				83CDD5E720577CD400BFC3A9 /* QA.cpp in Sources */,
				839C29E320EAB93800060BA5 /* MiniscriptInterpreter.cpp in Sources */,
				83A9D96A2234011300F00D1F /* ShellIntrinsics.cpp in Sources */,
			);
			runOnlyForDeploymentPostprocessing = 0;
		};
/* End PBXSourcesBuildPhase section */

/* Begin XCBuildConfiguration section */
		83CDD5A92053966200BFC3A9 /* Debug */ = {
			isa = XCBuildConfiguration;
			buildSettings = {
				ALWAYS_SEARCH_USER_PATHS = NO;
				CLANG_ANALYZER_NONNULL = YES;
				CLANG_ANALYZER_NUMBER_OBJECT_CONVERSION = YES_AGGRESSIVE;
				CLANG_CXX_LANGUAGE_STANDARD = "gnu++14";
				CLANG_CXX_LIBRARY = "libc++";
				CLANG_ENABLE_MODULES = YES;
				CLANG_ENABLE_OBJC_ARC = YES;
				CLANG_WARN_BLOCK_CAPTURE_AUTORELEASING = YES;
				CLANG_WARN_BOOL_CONVERSION = YES;
				CLANG_WARN_COMMA = YES;
				CLANG_WARN_CONSTANT_CONVERSION = YES;
				CLANG_WARN_DEPRECATED_OBJC_IMPLEMENTATIONS = YES;
				CLANG_WARN_DIRECT_OBJC_ISA_USAGE = YES_ERROR;
				CLANG_WARN_DOCUMENTATION_COMMENTS = YES;
				CLANG_WARN_EMPTY_BODY = YES;
				CLANG_WARN_ENUM_CONVERSION = YES;
				CLANG_WARN_INFINITE_RECURSION = YES;
				CLANG_WARN_INT_CONVERSION = YES;
				CLANG_WARN_NON_LITERAL_NULL_CONVERSION = YES;
				CLANG_WARN_OBJC_IMPLICIT_RETAIN_SELF = YES;
				CLANG_WARN_OBJC_LITERAL_CONVERSION = YES;
				CLANG_WARN_OBJC_ROOT_CLASS = YES_ERROR;
				CLANG_WARN_RANGE_LOOP_ANALYSIS = YES;
				CLANG_WARN_STRICT_PROTOTYPES = YES;
				CLANG_WARN_SUSPICIOUS_MOVE = YES;
				CLANG_WARN_UNGUARDED_AVAILABILITY = YES_AGGRESSIVE;
				CLANG_WARN_UNREACHABLE_CODE = YES;
				CLANG_WARN__DUPLICATE_METHOD_MATCH = YES;
				CODE_SIGN_IDENTITY = "-";
				COPY_PHASE_STRIP = NO;
				DEBUG_INFORMATION_FORMAT = dwarf;
				ENABLE_STRICT_OBJC_MSGSEND = YES;
				ENABLE_TESTABILITY = YES;
				GCC_C_LANGUAGE_STANDARD = gnu11;
				GCC_DYNAMIC_NO_PIC = NO;
				GCC_NO_COMMON_BLOCKS = YES;
				GCC_OPTIMIZATION_LEVEL = 0;
				GCC_PREPROCESSOR_DEFINITIONS = (
					"DEBUG=1",
					"$(inherited)",
				);
				GCC_WARN_64_TO_32_BIT_CONVERSION = YES;
				GCC_WARN_ABOUT_RETURN_TYPE = YES_ERROR;
				GCC_WARN_UNDECLARED_SELECTOR = YES;
				GCC_WARN_UNINITIALIZED_AUTOS = YES_AGGRESSIVE;
				GCC_WARN_UNUSED_FUNCTION = YES;
				GCC_WARN_UNUSED_VARIABLE = YES;
				MACOSX_DEPLOYMENT_TARGET = 10.13;
				MTL_ENABLE_DEBUG_INFO = YES;
				ONLY_ACTIVE_ARCH = YES;
				SDKROOT = macosx;
			};
			name = Debug;
		};
		83CDD5AA2053966200BFC3A9 /* Release */ = {
			isa = XCBuildConfiguration;
			buildSettings = {
				ALWAYS_SEARCH_USER_PATHS = NO;
				CLANG_ANALYZER_NONNULL = YES;
				CLANG_ANALYZER_NUMBER_OBJECT_CONVERSION = YES_AGGRESSIVE;
				CLANG_CXX_LANGUAGE_STANDARD = "gnu++14";
				CLANG_CXX_LIBRARY = "libc++";
				CLANG_ENABLE_MODULES = YES;
				CLANG_ENABLE_OBJC_ARC = YES;
				CLANG_WARN_BLOCK_CAPTURE_AUTORELEASING = YES;
				CLANG_WARN_BOOL_CONVERSION = YES;
				CLANG_WARN_COMMA = YES;
				CLANG_WARN_CONSTANT_CONVERSION = YES;
				CLANG_WARN_DEPRECATED_OBJC_IMPLEMENTATIONS = YES;
				CLANG_WARN_DIRECT_OBJC_ISA_USAGE = YES_ERROR;
				CLANG_WARN_DOCUMENTATION_COMMENTS = YES;
				CLANG_WARN_EMPTY_BODY = YES;
				CLANG_WARN_ENUM_CONVERSION = YES;
				CLANG_WARN_INFINITE_RECURSION = YES;
				CLANG_WARN_INT_CONVERSION = YES;
				CLANG_WARN_NON_LITERAL_NULL_CONVERSION = YES;
				CLANG_WARN_OBJC_IMPLICIT_RETAIN_SELF = YES;
				CLANG_WARN_OBJC_LITERAL_CONVERSION = YES;
				CLANG_WARN_OBJC_ROOT_CLASS = YES_ERROR;
				CLANG_WARN_RANGE_LOOP_ANALYSIS = YES;
				CLANG_WARN_STRICT_PROTOTYPES = YES;
				CLANG_WARN_SUSPICIOUS_MOVE = YES;
				CLANG_WARN_UNGUARDED_AVAILABILITY = YES_AGGRESSIVE;
				CLANG_WARN_UNREACHABLE_CODE = YES;
				CLANG_WARN__DUPLICATE_METHOD_MATCH = YES;
				CODE_SIGN_IDENTITY = "-";
				COPY_PHASE_STRIP = NO;
				DEBUG_INFORMATION_FORMAT = "dwarf-with-dsym";
				ENABLE_NS_ASSERTIONS = NO;
				ENABLE_STRICT_OBJC_MSGSEND = YES;
				GCC_C_LANGUAGE_STANDARD = gnu11;
				GCC_NO_COMMON_BLOCKS = YES;
				GCC_WARN_64_TO_32_BIT_CONVERSION = YES;
				GCC_WARN_ABOUT_RETURN_TYPE = YES_ERROR;
				GCC_WARN_UNDECLARED_SELECTOR = YES;
				GCC_WARN_UNINITIALIZED_AUTOS = YES_AGGRESSIVE;
				GCC_WARN_UNUSED_FUNCTION = YES;
				GCC_WARN_UNUSED_VARIABLE = YES;
				MACOSX_DEPLOYMENT_TARGET = 10.13;
				MTL_ENABLE_DEBUG_INFO = NO;
				SDKROOT = macosx;
			};
			name = Release;
		};
		83CDD5AC2053966200BFC3A9 /* Debug */ = {
			isa = XCBuildConfiguration;
			buildSettings = {
				CODE_SIGN_STYLE = Automatic;
				HEADER_SEARCH_PATHS = editline;
				MACOSX_DEPLOYMENT_TARGET = 10.9;
				PRODUCT_NAME = "$(TARGET_NAME)";
				SYSTEM_FRAMEWORK_SEARCH_PATHS = "";
				SYSTEM_HEADER_SEARCH_PATHS = editline;
			};
			name = Debug;
		};
		83CDD5AD2053966200BFC3A9 /* Release */ = {
			isa = XCBuildConfiguration;
			buildSettings = {
				CODE_SIGN_STYLE = Automatic;
				HEADER_SEARCH_PATHS = editline;
				MACOSX_DEPLOYMENT_TARGET = 10.9;
				PRODUCT_NAME = "$(TARGET_NAME)";
				SYSTEM_FRAMEWORK_SEARCH_PATHS = "";
				SYSTEM_HEADER_SEARCH_PATHS = editline;
			};
			name = Release;
		};
/* End XCBuildConfiguration section */

/* Begin XCConfigurationList section */
		83CDD59F2053966200BFC3A9 /* Build configuration list for PBXProject "MiniScript" */ = {
			isa = XCConfigurationList;
			buildConfigurations = (
				83CDD5A92053966200BFC3A9 /* Debug */,
				83CDD5AA2053966200BFC3A9 /* Release */,
			);
			defaultConfigurationIsVisible = 0;
			defaultConfigurationName = Release;
		};
		83CDD5AB2053966200BFC3A9 /* Build configuration list for PBXNativeTarget "MiniScript" */ = {
			isa = XCConfigurationList;
			buildConfigurations = (
				83CDD5AC2053966200BFC3A9 /* Debug */,
				83CDD5AD2053966200BFC3A9 /* Release */,
			);
			defaultConfigurationIsVisible = 0;
			defaultConfigurationName = Release;
		};
/* End XCConfigurationList section */
	};
	rootObject = 83CDD59C2053966200BFC3A9 /* Project object */;
}
